
Microsoft Visual Studio Solution File, Format Version 12.00
# Visual Studio 15
VisualStudioVersion = 15.0.28307.329
MinimumVisualStudioVersion = 10.0.40219.1
Project("{FAE04EC0-301F-11D3-BF4B-00C04F79EFBC}") = "KPGenUserName", "KPGenUserName\KPGenUserName.csproj", "{55DBAABE-15EA-4F21-AF6B-219FAA8C890B}"
EndProject
Global
	GlobalSection(SolutionConfigurationPlatforms) = preSolution
		Debug|Any CPU = Debug|Any CPU
		Release|Any CPU = Release|Any CPU
	EndGlobalSection
	GlobalSection(ProjectConfigurationPlatforms) = postSolution
		{55DBAABE-15EA-4F21-AF6B-219FAA8C890B}.Debug|Any CPU.ActiveCfg = Debug|Any CPU
		{55DBAABE-15EA-4F21-AF6B-219FAA8C890B}.Debug|Any CPU.Build.0 = Debug|Any CPU
		{55DBAABE-15EA-4F21-AF6B-219FAA8C890B}.Release|Any CPU.ActiveCfg = Release|Any CPU
		{55DBAABE-15EA-4F21-AF6B-219FAA8C890B}.Release|Any CPU.Build.0 = Release|Any CPU
	EndGlobalSection
	GlobalSection(SolutionProperties) = preSolution
		HideSolutionNode = FALSE
	EndGlobalSection
	GlobalSection(ExtensibilityGlobals) = postSolution
		SolutionGuid = {BA2E4C51-C900-461F-A493-2AE4FF20D206}
	EndGlobalSection
EndGlobal
